// !$*UTF8*$!
{
	archiveVersion = 1;
	classes = {
	};
	objectVersion = 63;
	objects = {

/* Begin PBXBuildFile section */
		213871AD2D5CEED900B83A04 /* OpenAIRequest.swift in Sources */ = {isa = PBXBuildFile; fileRef = 213871AC2D5CEED600B83A04 /* OpenAIRequest.swift */; };
		213871B22D5CF2B500B83A04 /* OpenAIResponse.swift in Sources */ = {isa = PBXBuildFile; fileRef = 213871B12D5CF2B400B83A04 /* OpenAIResponse.swift */; };
		912404212D77A0EF00A0C7AC /* FileViewer.swift in Sources */ = {isa = PBXBuildFile; fileRef = 9124041F2D77A0EF00A0C7AC /* FileViewer.swift */; };
		912404242D77A10300A0C7AC /* FileViewerViewModel.swift.swift in Sources */ = {isa = PBXBuildFile; fileRef = 912404222D77A10300A0C7AC /* FileViewerViewModel.swift.swift */; };
		9234242D2D67FEE5004FC038 /* OpenAIManager.swift in Sources */ = {isa = PBXBuildFile; fileRef = 9234242C2D67FEDC004FC038 /* OpenAIManager.swift */; };
		94B653E12D6562EE001D3727 /* StudySetModel.swift in Sources */ = {isa = PBXBuildFile; fileRef = 94B653E02D6562EE001D3727 /* StudySetModel.swift */; };
		94B653E32D6562F7001D3727 /* Flashcard.swift in Sources */ = {isa = PBXBuildFile; fileRef = 94B653E22D6562F7001D3727 /* Flashcard.swift */; };
		963B88922D77A1FF001DAE15 /* FirebaseFirestore in Frameworks */ = {isa = PBXBuildFile; productRef = 963B88912D77A1FF001DAE15 /* FirebaseFirestore */; };
		963B88942D77A1FF001DAE15 /* FirebaseStorage in Frameworks */ = {isa = PBXBuildFile; productRef = 963B88932D77A1FF001DAE15 /* FirebaseStorage */; };
		966B69C42D67F9DA00BB11DE /* DocumentsModel.swift in Sources */ = {isa = PBXBuildFile; fileRef = 966B69C32D67F9D600BB11DE /* DocumentsModel.swift */; };
		9688CEE82D5EC24B009C719A /* TextParsingPDFs.swift in Sources */ = {isa = PBXBuildFile; fileRef = 9688CEE72D5EC246009C719A /* TextParsingPDFs.swift */; };
		9B70DE112D5C2FA900F447CD /* LlamaAIManager.swift in Sources */ = {isa = PBXBuildFile; fileRef = 9B70DE102D5C2FA900F447CD /* LlamaAIManager.swift */; };
		9B883B362D713DA400AE3DEF /* LLMEvaluator.swift in Sources */ = {isa = PBXBuildFile; fileRef = 9B883B352D713DA400AE3DEF /* LLMEvaluator.swift */; };
		AADE96032D6E983B008DD19B /* AddView.swift in Sources */ = {isa = PBXBuildFile; fileRef = AADE96022D6E983B008DD19B /* AddView.swift */; };
		C7BCD2BC2D5DAA8A00F89A0C /* DocumentPickerView.swift in Sources */ = {isa = PBXBuildFile; fileRef = C7BCD2BB2D5DAA8100F89A0C /* DocumentPickerView.swift */; };
		CA0CE2CC2D5C2AE600DD8FD2 /* HomeView.swift in Sources */ = {isa = PBXBuildFile; fileRef = CA0CE2CA2D5C2AE600DD8FD2 /* HomeView.swift */; };
		CA0CE2D02D5C2AF500DD8FD2 /* SetView.swift in Sources */ = {isa = PBXBuildFile; fileRef = CA0CE2CD2D5C2AF500DD8FD2 /* SetView.swift */; };
		CA0CE2D12D5C2AF500DD8FD2 /* StudyView.swift in Sources */ = {isa = PBXBuildFile; fileRef = CA0CE2CE2D5C2AF500DD8FD2 /* StudyView.swift */; };
		CA0CE2D42D5C2B1700DD8FD2 /* FlashcardStudySetModel.swift in Sources */ = {isa = PBXBuildFile; fileRef = CA0CE2D22D5C2B1700DD8FD2 /* FlashcardStudySetModel.swift */; };
		CA0CE2D82D5C405700DD8FD2 /* swiftlint.yml in Resources */ = {isa = PBXBuildFile; fileRef = CA0CE2D72D5C404E00DD8FD2 /* swiftlint.yml */; };
		CA349F302D6801440024356A /* LlamaManager.swift in Sources */ = {isa = PBXBuildFile; fileRef = CA349F2F2D6801440024356A /* LlamaManager.swift */; };
		CAAA3AB32D5B102D00D9A631 /* UserModel.swift in Sources */ = {isa = PBXBuildFile; fileRef = CAAA3AA72D5B102D00D9A631 /* UserModel.swift */; };
		CAAA3AB52D5B102D00D9A631 /* UserViewModel.swift in Sources */ = {isa = PBXBuildFile; fileRef = CAAA3AAD2D5B102D00D9A631 /* UserViewModel.swift */; };
		CAAA3AB62D5B102D00D9A631 /* StudyBuddyApp.swift in Sources */ = {isa = PBXBuildFile; fileRef = CAAA3AB02D5B102D00D9A631 /* StudyBuddyApp.swift */; };
		CAAA3AB72D5B102D00D9A631 /* Preview Assets.xcassets in Resources */ = {isa = PBXBuildFile; fileRef = CAAA3AA92D5B102D00D9A631 /* Preview Assets.xcassets */; };
		CAAA3AB82D5B102D00D9A631 /* Assets.xcassets in Resources */ = {isa = PBXBuildFile; fileRef = CAAA3AAF2D5B102D00D9A631 /* Assets.xcassets */; };
		CAAA3ABE2D5B10C200D9A631 /* IntelligenceRequest.swift in Sources */ = {isa = PBXBuildFile; fileRef = CAAA3ABD2D5B10C200D9A631 /* IntelligenceRequest.swift */; };
		CAAA3AC02D5B10D700D9A631 /* IntelligenceManager.swift in Sources */ = {isa = PBXBuildFile; fileRef = CAAA3ABF2D5B10D700D9A631 /* IntelligenceManager.swift */; };
		CAAA3AC22D5B110800D9A631 /* IntelligenceResponse.swift in Sources */ = {isa = PBXBuildFile; fileRef = CAAA3AC12D5B110800D9A631 /* IntelligenceResponse.swift */; };
		CAAA3AC42D5B116300D9A631 /* IntelligenceModel.swift in Sources */ = {isa = PBXBuildFile; fileRef = CAAA3AC32D5B116300D9A631 /* IntelligenceModel.swift */; };
		CABC81AA2D764E9D002D5657 /* MLXLLM in Frameworks */ = {isa = PBXBuildFile; productRef = CABC81A92D764E9D002D5657 /* MLXLLM */; };
		CABC81AC2D764E9D002D5657 /* MLXLMCommon in Frameworks */ = {isa = PBXBuildFile; productRef = CABC81AB2D764E9D002D5657 /* MLXLMCommon */; };
		CABC81B02D77BBEF002D5657 /* Models.swift in Sources */ = {isa = PBXBuildFile; fileRef = CABC81AF2D77BBEF002D5657 /* Models.swift */; };
		CABC81B22D77BC1D002D5657 /* ModelData.swift in Sources */ = {isa = PBXBuildFile; fileRef = CABC81B12D77BC1B002D5657 /* ModelData.swift */; };
		EA25407E2D77CE8F00BDD841 /* FirebaseCore in Frameworks */ = {isa = PBXBuildFile; productRef = EA25407D2D77CE8F00BDD841 /* FirebaseCore */; };
		EA2540862D77D5A000BDD841 /* GoogleService-Info.plist in Resources */ = {isa = PBXBuildFile; fileRef = EA2540852D77D5A000BDD841 /* GoogleService-Info.plist */; };
		EAFA58462D5D417600ADC214 /* UploadModel.swift in Sources */ = {isa = PBXBuildFile; fileRef = EAFA58452D5D417600ADC214 /* UploadModel.swift */; };
		EAFA58482D5D417D00ADC214 /* UploadViewModel.swift in Sources */ = {isa = PBXBuildFile; fileRef = EAFA58472D5D417D00ADC214 /* UploadViewModel.swift */; };
		EAFA584A2D5D418700ADC214 /* UploadView.swift in Sources */ = {isa = PBXBuildFile; fileRef = EAFA58492D5D418700ADC214 /* UploadView.swift */; };
/* End PBXBuildFile section */

/* Begin PBXFileReference section */
		213871AC2D5CEED600B83A04 /* OpenAIRequest.swift */ = {isa = PBXFileReference; lastKnownFileType = sourcecode.swift; path = OpenAIRequest.swift; sourceTree = "<group>"; };
		213871B12D5CF2B400B83A04 /* OpenAIResponse.swift */ = {isa = PBXFileReference; lastKnownFileType = sourcecode.swift; path = OpenAIResponse.swift; sourceTree = "<group>"; };
		9124041F2D77A0EF00A0C7AC /* FileViewer.swift */ = {isa = PBXFileReference; lastKnownFileType = sourcecode.swift; path = FileViewer.swift; sourceTree = "<group>"; };
		912404222D77A10300A0C7AC /* FileViewerViewModel.swift.swift */ = {isa = PBXFileReference; lastKnownFileType = sourcecode.swift; path = FileViewerViewModel.swift.swift; sourceTree = "<group>"; };
		9234242C2D67FEDC004FC038 /* OpenAIManager.swift */ = {isa = PBXFileReference; lastKnownFileType = sourcecode.swift; path = OpenAIManager.swift; sourceTree = "<group>"; };
		9402BD1B2D558ABA00F2C00B /* StudyBuddy.app */ = {isa = PBXFileReference; explicitFileType = wrapper.application; includeInIndex = 0; path = StudyBuddy.app; sourceTree = BUILT_PRODUCTS_DIR; };
		94B653E02D6562EE001D3727 /* StudySetModel.swift */ = {isa = PBXFileReference; lastKnownFileType = sourcecode.swift; path = StudySetModel.swift; sourceTree = "<group>"; };
		94B653E22D6562F7001D3727 /* Flashcard.swift */ = {isa = PBXFileReference; lastKnownFileType = sourcecode.swift; path = Flashcard.swift; sourceTree = "<group>"; };
		966B69C32D67F9D600BB11DE /* DocumentsModel.swift */ = {isa = PBXFileReference; lastKnownFileType = sourcecode.swift; path = DocumentsModel.swift; sourceTree = "<group>"; };
		9688CEE72D5EC246009C719A /* TextParsingPDFs.swift */ = {isa = PBXFileReference; lastKnownFileType = sourcecode.swift; path = TextParsingPDFs.swift; sourceTree = "<group>"; };
		9B70DE102D5C2FA900F447CD /* LlamaAIManager.swift */ = {isa = PBXFileReference; lastKnownFileType = sourcecode.swift; path = LlamaAIManager.swift; sourceTree = "<group>"; };
		9B883B352D713DA400AE3DEF /* LLMEvaluator.swift */ = {isa = PBXFileReference; lastKnownFileType = sourcecode.swift; path = LLMEvaluator.swift; sourceTree = "<group>"; };
		AADE96022D6E983B008DD19B /* AddView.swift */ = {isa = PBXFileReference; lastKnownFileType = sourcecode.swift; path = AddView.swift; sourceTree = "<group>"; };
		C7BCD2BB2D5DAA8100F89A0C /* DocumentPickerView.swift */ = {isa = PBXFileReference; lastKnownFileType = sourcecode.swift; path = DocumentPickerView.swift; sourceTree = "<group>"; };
		CA0CE2CA2D5C2AE600DD8FD2 /* HomeView.swift */ = {isa = PBXFileReference; lastKnownFileType = sourcecode.swift; path = HomeView.swift; sourceTree = "<group>"; };
		CA0CE2CD2D5C2AF500DD8FD2 /* SetView.swift */ = {isa = PBXFileReference; lastKnownFileType = sourcecode.swift; path = SetView.swift; sourceTree = "<group>"; };
		CA0CE2CE2D5C2AF500DD8FD2 /* StudyView.swift */ = {isa = PBXFileReference; lastKnownFileType = sourcecode.swift; path = StudyView.swift; sourceTree = "<group>"; };
		CA0CE2D22D5C2B1700DD8FD2 /* FlashcardStudySetModel.swift */ = {isa = PBXFileReference; lastKnownFileType = sourcecode.swift; path = FlashcardStudySetModel.swift; sourceTree = "<group>"; };
		CA0CE2D72D5C404E00DD8FD2 /* swiftlint.yml */ = {isa = PBXFileReference; lastKnownFileType = text.yaml; path = swiftlint.yml; sourceTree = "<group>"; };
		CA349F2F2D6801440024356A /* LlamaManager.swift */ = {isa = PBXFileReference; lastKnownFileType = sourcecode.swift; path = LlamaManager.swift; sourceTree = "<group>"; };
		CAAA3AA72D5B102D00D9A631 /* UserModel.swift */ = {isa = PBXFileReference; lastKnownFileType = sourcecode.swift; path = UserModel.swift; sourceTree = "<group>"; };
		CAAA3AA92D5B102D00D9A631 /* Preview Assets.xcassets */ = {isa = PBXFileReference; lastKnownFileType = folder.assetcatalog; path = "Preview Assets.xcassets"; sourceTree = "<group>"; };
		CAAA3AAD2D5B102D00D9A631 /* UserViewModel.swift */ = {isa = PBXFileReference; lastKnownFileType = sourcecode.swift; path = UserViewModel.swift; sourceTree = "<group>"; };
		CAAA3AAF2D5B102D00D9A631 /* Assets.xcassets */ = {isa = PBXFileReference; lastKnownFileType = folder.assetcatalog; path = Assets.xcassets; sourceTree = "<group>"; };
		CAAA3AB02D5B102D00D9A631 /* StudyBuddyApp.swift */ = {isa = PBXFileReference; lastKnownFileType = sourcecode.swift; path = StudyBuddyApp.swift; sourceTree = "<group>"; };
		CAAA3ABD2D5B10C200D9A631 /* IntelligenceRequest.swift */ = {isa = PBXFileReference; lastKnownFileType = sourcecode.swift; path = IntelligenceRequest.swift; sourceTree = "<group>"; };
		CAAA3ABF2D5B10D700D9A631 /* IntelligenceManager.swift */ = {isa = PBXFileReference; lastKnownFileType = sourcecode.swift; path = IntelligenceManager.swift; sourceTree = "<group>"; };
		CAAA3AC12D5B110800D9A631 /* IntelligenceResponse.swift */ = {isa = PBXFileReference; lastKnownFileType = sourcecode.swift; path = IntelligenceResponse.swift; sourceTree = "<group>"; };
		CAAA3AC32D5B116300D9A631 /* IntelligenceModel.swift */ = {isa = PBXFileReference; lastKnownFileType = sourcecode.swift; path = IntelligenceModel.swift; sourceTree = "<group>"; };
		CABC81AF2D77BBEF002D5657 /* Models.swift */ = {isa = PBXFileReference; lastKnownFileType = sourcecode.swift; path = Models.swift; sourceTree = "<group>"; };
		CABC81B12D77BC1B002D5657 /* ModelData.swift */ = {isa = PBXFileReference; lastKnownFileType = sourcecode.swift; path = ModelData.swift; sourceTree = "<group>"; };
		EA2540852D77D5A000BDD841 /* GoogleService-Info.plist */ = {isa = PBXFileReference; lastKnownFileType = text.plist.xml; path = "GoogleService-Info.plist"; sourceTree = "<group>"; };
		EAFA58452D5D417600ADC214 /* UploadModel.swift */ = {isa = PBXFileReference; lastKnownFileType = sourcecode.swift; path = UploadModel.swift; sourceTree = "<group>"; };
		EAFA58472D5D417D00ADC214 /* UploadViewModel.swift */ = {isa = PBXFileReference; lastKnownFileType = sourcecode.swift; path = UploadViewModel.swift; sourceTree = "<group>"; };
		EAFA58492D5D418700ADC214 /* UploadView.swift */ = {isa = PBXFileReference; lastKnownFileType = sourcecode.swift; path = UploadView.swift; sourceTree = "<group>"; };
/* End PBXFileReference section */

/* Begin PBXFrameworksBuildPhase section */
		9402BD182D558ABA00F2C00B /* Frameworks */ = {
			isa = PBXFrameworksBuildPhase;
			buildActionMask = 2147483647;
			files = (
				CABC81AC2D764E9D002D5657 /* MLXLMCommon in Frameworks */,
				EA25407E2D77CE8F00BDD841 /* FirebaseCore in Frameworks */,
				CABC81AA2D764E9D002D5657 /* MLXLLM in Frameworks */,
				963B88922D77A1FF001DAE15 /* FirebaseFirestore in Frameworks */,
				963B88942D77A1FF001DAE15 /* FirebaseStorage in Frameworks */,
			);
			runOnlyForDeploymentPostprocessing = 0;
		};
/* End PBXFrameworksBuildPhase section */

/* Begin PBXGroup section */
		912404202D77A0EF00A0C7AC /* FileViewer */ = {
			isa = PBXGroup;
			children = (
				9124041F2D77A0EF00A0C7AC /* FileViewer.swift */,
			);
			path = FileViewer;
			sourceTree = "<group>";
		};
		912404232D77A10300A0C7AC /* FileViewerViewModel */ = {
			isa = PBXGroup;
			children = (
				912404222D77A10300A0C7AC /* FileViewerViewModel.swift.swift */,
			);
			path = FileViewerViewModel;
			sourceTree = "<group>";
		};
		9402BD122D558ABA00F2C00B = {
			isa = PBXGroup;
			children = (
				CAAA3AB12D5B102D00D9A631 /* StudyBuddy */,
				9402BD1C2D558ABA00F2C00B /* Products */,
				CA349F322D6804840024356A /* Recovered References */,
			);
			sourceTree = "<group>";
		};
		9402BD1C2D558ABA00F2C00B /* Products */ = {
			isa = PBXGroup;
			children = (
				9402BD1B2D558ABA00F2C00B /* StudyBuddy.app */,
			);
			name = Products;
			sourceTree = "<group>";
		};
		CA0CE2CB2D5C2AE600DD8FD2 /* Home */ = {
			isa = PBXGroup;
			children = (
				CA0CE2CA2D5C2AE600DD8FD2 /* HomeView.swift */,
			);
			path = Home;
			sourceTree = "<group>";
		};
		CA0CE2CF2D5C2AF500DD8FD2 /* Flashcards */ = {
			isa = PBXGroup;
			children = (
				CA0CE2CD2D5C2AF500DD8FD2 /* SetView.swift */,
				CA0CE2CE2D5C2AF500DD8FD2 /* StudyView.swift */,
				AADE96022D6E983B008DD19B /* AddView.swift */,
			);
			path = Flashcards;
			sourceTree = "<group>";
		};
		CA0CE2D32D5C2B1700DD8FD2 /* Flashcards */ = {
			isa = PBXGroup;
			children = (
				CA0CE2D22D5C2B1700DD8FD2 /* FlashcardStudySetModel.swift */,
			);
			path = Flashcards;
			sourceTree = "<group>";
		};
		CA349F322D6804840024356A /* Recovered References */ = {
			isa = PBXGroup;
			children = (
			);
			name = "Recovered References";
			sourceTree = "<group>";
		};
		CAAA3AA82D5B102D00D9A631 /* Models */ = {
			isa = PBXGroup;
			children = (
				EAFA58422D5D414F00ADC214 /* UploadModel */,
				CA0CE2D32D5C2B1700DD8FD2 /* Flashcards */,
				CAAA3ABC2D5B10B600D9A631 /* AI */,
				CAAA3AA72D5B102D00D9A631 /* UserModel.swift */,
				94B653E02D6562EE001D3727 /* StudySetModel.swift */,
				94B653E22D6562F7001D3727 /* Flashcard.swift */,
			);
			path = Models;
			sourceTree = "<group>";
		};
		CAAA3AAA2D5B102D00D9A631 /* Preview Content */ = {
			isa = PBXGroup;
			children = (
				CAAA3AA92D5B102D00D9A631 /* Preview Assets.xcassets */,
			);
			path = "Preview Content";
			sourceTree = "<group>";
		};
		CAAA3AAC2D5B102D00D9A631 /* Screens */ = {
			isa = PBXGroup;
			children = (
				912404202D77A0EF00A0C7AC /* FileViewer */,
				EAFA58432D5D416200ADC214 /* UploadView */,
				CA0CE2CF2D5C2AF500DD8FD2 /* Flashcards */,
				CA0CE2CB2D5C2AE600DD8FD2 /* Home */,
			);
			path = Screens;
			sourceTree = "<group>";
		};
		CAAA3AAE2D5B102D00D9A631 /* ViewModels */ = {
			isa = PBXGroup;
			children = (
				912404232D77A10300A0C7AC /* FileViewerViewModel */,
				EAFA58412D5D413E00ADC214 /* UploadViewModel */,
				CAAA3AAD2D5B102D00D9A631 /* UserViewModel.swift */,
			);
			path = ViewModels;
			sourceTree = "<group>";
		};
		CAAA3AB12D5B102D00D9A631 /* StudyBuddy */ = {
			isa = PBXGroup;
			children = (
				EA2540852D77D5A000BDD841 /* GoogleService-Info.plist */,
				CA0CE2D72D5C404E00DD8FD2 /* swiftlint.yml */,
				CAAA3AA82D5B102D00D9A631 /* Models */,
				CAAA3AAA2D5B102D00D9A631 /* Preview Content */,
				CAAA3AAC2D5B102D00D9A631 /* Screens */,
				CAAA3AAE2D5B102D00D9A631 /* ViewModels */,
				CAAA3AAF2D5B102D00D9A631 /* Assets.xcassets */,
				CAAA3AB02D5B102D00D9A631 /* StudyBuddyApp.swift */,
			);
			path = StudyBuddy;
			sourceTree = "<group>";
		};
		CAAA3ABC2D5B10B600D9A631 /* AI */ = {
			isa = PBXGroup;
			children = (
				CABC81B12D77BC1B002D5657 /* ModelData.swift */,
				9234242C2D67FEDC004FC038 /* OpenAIManager.swift */,
				213871B12D5CF2B400B83A04 /* OpenAIResponse.swift */,
				213871AC2D5CEED600B83A04 /* OpenAIRequest.swift */,
				CAAA3ABD2D5B10C200D9A631 /* IntelligenceRequest.swift */,
				CAAA3ABF2D5B10D700D9A631 /* IntelligenceManager.swift */,
				CAAA3AC12D5B110800D9A631 /* IntelligenceResponse.swift */,
				CAAA3AC32D5B116300D9A631 /* IntelligenceModel.swift */,
				CA349F2F2D6801440024356A /* LlamaManager.swift */,
				9B70DE102D5C2FA900F447CD /* LlamaAIManager.swift */,
				9B883B352D713DA400AE3DEF /* LLMEvaluator.swift */,
				CABC81AF2D77BBEF002D5657 /* Models.swift */,
			);
			path = AI;
			sourceTree = "<group>";
		};
		EAFA58412D5D413E00ADC214 /* UploadViewModel */ = {
			isa = PBXGroup;
			children = (
				9688CEE72D5EC246009C719A /* TextParsingPDFs.swift */,
				EAFA58472D5D417D00ADC214 /* UploadViewModel.swift */,
			);
			path = UploadViewModel;
			sourceTree = "<group>";
		};
		EAFA58422D5D414F00ADC214 /* UploadModel */ = {
			isa = PBXGroup;
			children = (
				EAFA58452D5D417600ADC214 /* UploadModel.swift */,
				966B69C32D67F9D600BB11DE /* DocumentsModel.swift */,
			);
			path = UploadModel;
			sourceTree = "<group>";
		};
		EAFA58432D5D416200ADC214 /* UploadView */ = {
			isa = PBXGroup;
			children = (
				EAFA58492D5D418700ADC214 /* UploadView.swift */,
				C7BCD2BB2D5DAA8100F89A0C /* DocumentPickerView.swift */,
			);
			path = UploadView;
			sourceTree = "<group>";
		};
/* End PBXGroup section */

/* Begin PBXNativeTarget section */
		9402BD1A2D558ABA00F2C00B /* StudyBuddy */ = {
			isa = PBXNativeTarget;
			buildConfigurationList = 9402BD292D558ABC00F2C00B /* Build configuration list for PBXNativeTarget "StudyBuddy" */;
			buildPhases = (
				9402BD172D558ABA00F2C00B /* Sources */,
				9402BD182D558ABA00F2C00B /* Frameworks */,
				9402BD192D558ABA00F2C00B /* Resources */,
				CA0CE2C92D5C291500DD8FD2 /* ShellScript */,
			);
			buildRules = (
			);
			dependencies = (
				CABC819F2D6BF567002D5657 /* PBXTargetDependency */,
			);
			name = StudyBuddy;
			packageProductDependencies = (
				CABC81A92D764E9D002D5657 /* MLXLLM */,
				CABC81AB2D764E9D002D5657 /* MLXLMCommon */,
				963B88912D77A1FF001DAE15 /* FirebaseFirestore */,
				963B88932D77A1FF001DAE15 /* FirebaseStorage */,
				EA25407D2D77CE8F00BDD841 /* FirebaseCore */,
			);
			productName = StudyBuddy;
			productReference = 9402BD1B2D558ABA00F2C00B /* StudyBuddy.app */;
			productType = "com.apple.product-type.application";
		};
/* End PBXNativeTarget section */

/* Begin PBXProject section */
		9402BD132D558ABA00F2C00B /* Project object */ = {
			isa = PBXProject;
			attributes = {
				BuildIndependentTargetsInParallel = 1;
				LastSwiftUpdateCheck = 1600;
				LastUpgradeCheck = 1600;
				TargetAttributes = {
					9402BD1A2D558ABA00F2C00B = {
						CreatedOnToolsVersion = 16.0;
					};
				};
			};
			buildConfigurationList = 9402BD162D558ABA00F2C00B /* Build configuration list for PBXProject "StudyBuddy" */;
			compatibilityVersion = "Xcode 15.0";
			developmentRegion = en;
			hasScannedForEncodings = 0;
			knownRegions = (
				en,
				Base,
			);
			mainGroup = 9402BD122D558ABA00F2C00B;
			minimizedProjectReferenceProxies = 1;
			packageReferences = (
				CA0CE2C82D5C290100DD8FD2 /* XCRemoteSwiftPackageReference "SwiftLintPlugins" */,
				CABC81A82D764E9D002D5657 /* XCRemoteSwiftPackageReference "mlx-swift-examples" */,
				963B88902D77A1FF001DAE15 /* XCRemoteSwiftPackageReference "firebase-ios-sdk" */,
			);
			productRefGroup = 9402BD1C2D558ABA00F2C00B /* Products */;
			projectDirPath = "";
			projectRoot = "";
			targets = (
				9402BD1A2D558ABA00F2C00B /* StudyBuddy */,
			);
		};
/* End PBXProject section */

/* Begin PBXResourcesBuildPhase section */
		9402BD192D558ABA00F2C00B /* Resources */ = {
			isa = PBXResourcesBuildPhase;
			buildActionMask = 2147483647;
			files = (
				CAAA3AB72D5B102D00D9A631 /* Preview Assets.xcassets in Resources */,
				EA2540862D77D5A000BDD841 /* GoogleService-Info.plist in Resources */,
				CA0CE2D82D5C405700DD8FD2 /* swiftlint.yml in Resources */,
				CAAA3AB82D5B102D00D9A631 /* Assets.xcassets in Resources */,
			);
			runOnlyForDeploymentPostprocessing = 0;
		};
/* End PBXResourcesBuildPhase section */

/* Begin PBXShellScriptBuildPhase section */
		CA0CE2C92D5C291500DD8FD2 /* ShellScript */ = {
			isa = PBXShellScriptBuildPhase;
			buildActionMask = 2147483647;
			files = (
			);
			inputFileListPaths = (
			);
			inputPaths = (
			);
			outputFileListPaths = (
			);
			outputPaths = (
			);
			runOnlyForDeploymentPostprocessing = 0;
			shellPath = /bin/sh;
			shellScript = "# Type a script or drag a script file from your workspace to insert its path.\n";
		};
/* End PBXShellScriptBuildPhase section */

/* Begin PBXSourcesBuildPhase section */
		9402BD172D558ABA00F2C00B /* Sources */ = {
			isa = PBXSourcesBuildPhase;
			buildActionMask = 2147483647;
			files = (
				CAAA3AC42D5B116300D9A631 /* IntelligenceModel.swift in Sources */,
				9234242D2D67FEE5004FC038 /* OpenAIManager.swift in Sources */,
				CAAA3AB32D5B102D00D9A631 /* UserModel.swift in Sources */,
				CABC81B22D77BC1D002D5657 /* ModelData.swift in Sources */,
				9B70DE112D5C2FA900F447CD /* LlamaAIManager.swift in Sources */,
				EAFA58462D5D417600ADC214 /* UploadModel.swift in Sources */,
				9B883B362D713DA400AE3DEF /* LLMEvaluator.swift in Sources */,
				CAAA3ABE2D5B10C200D9A631 /* IntelligenceRequest.swift in Sources */,
				CA0CE2D42D5C2B1700DD8FD2 /* FlashcardStudySetModel.swift in Sources */,
				94B653E32D6562F7001D3727 /* Flashcard.swift in Sources */,
				912404242D77A10300A0C7AC /* FileViewerViewModel.swift.swift in Sources */,
				9688CEE82D5EC24B009C719A /* TextParsingPDFs.swift in Sources */,
				966B69C42D67F9DA00BB11DE /* DocumentsModel.swift in Sources */,
				CA0CE2CC2D5C2AE600DD8FD2 /* HomeView.swift in Sources */,
				CAAA3AB52D5B102D00D9A631 /* UserViewModel.swift in Sources */,
				912404212D77A0EF00A0C7AC /* FileViewer.swift in Sources */,
				213871B22D5CF2B500B83A04 /* OpenAIResponse.swift in Sources */,
				CAAA3AB62D5B102D00D9A631 /* StudyBuddyApp.swift in Sources */,
				CA349F302D6801440024356A /* LlamaManager.swift in Sources */,
				EAFA58482D5D417D00ADC214 /* UploadViewModel.swift in Sources */,
				94B653E12D6562EE001D3727 /* StudySetModel.swift in Sources */,
				CA0CE2D02D5C2AF500DD8FD2 /* SetView.swift in Sources */,
				C7BCD2BC2D5DAA8A00F89A0C /* DocumentPickerView.swift in Sources */,
				CA0CE2D12D5C2AF500DD8FD2 /* StudyView.swift in Sources */,
				EAFA584A2D5D418700ADC214 /* UploadView.swift in Sources */,
				AADE96032D6E983B008DD19B /* AddView.swift in Sources */,
				CAAA3AC02D5B10D700D9A631 /* IntelligenceManager.swift in Sources */,
				CAAA3AC22D5B110800D9A631 /* IntelligenceResponse.swift in Sources */,
				213871AD2D5CEED900B83A04 /* OpenAIRequest.swift in Sources */,
				CABC81B02D77BBEF002D5657 /* Models.swift in Sources */,
			);
			runOnlyForDeploymentPostprocessing = 0;
		};
/* End PBXSourcesBuildPhase section */

/* Begin PBXTargetDependency section */
		CABC819F2D6BF567002D5657 /* PBXTargetDependency */ = {
			isa = PBXTargetDependency;
			productRef = CABC819E2D6BF567002D5657 /* SwiftLintBuildToolPlugin */;
		};
/* End PBXTargetDependency section */

/* Begin XCBuildConfiguration section */
		9402BD272D558ABC00F2C00B /* Debug */ = {
			isa = XCBuildConfiguration;
			buildSettings = {
				ALWAYS_SEARCH_USER_PATHS = NO;
				ASSETCATALOG_COMPILER_GENERATE_SWIFT_ASSET_SYMBOL_EXTENSIONS = YES;
				CLANG_ANALYZER_NONNULL = YES;
				CLANG_ANALYZER_NUMBER_OBJECT_CONVERSION = YES_AGGRESSIVE;
				CLANG_CXX_LANGUAGE_STANDARD = "gnu++20";
				CLANG_ENABLE_MODULES = YES;
				CLANG_ENABLE_OBJC_ARC = YES;
				CLANG_ENABLE_OBJC_WEAK = YES;
				CLANG_WARN_BLOCK_CAPTURE_AUTORELEASING = YES;
				CLANG_WARN_BOOL_CONVERSION = YES;
				CLANG_WARN_COMMA = YES;
				CLANG_WARN_CONSTANT_CONVERSION = YES;
				CLANG_WARN_DEPRECATED_OBJC_IMPLEMENTATIONS = YES;
				CLANG_WARN_DIRECT_OBJC_ISA_USAGE = YES_ERROR;
				CLANG_WARN_DOCUMENTATION_COMMENTS = YES;
				CLANG_WARN_EMPTY_BODY = YES;
				CLANG_WARN_ENUM_CONVERSION = YES;
				CLANG_WARN_INFINITE_RECURSION = YES;
				CLANG_WARN_INT_CONVERSION = YES;
				CLANG_WARN_NON_LITERAL_NULL_CONVERSION = YES;
				CLANG_WARN_OBJC_IMPLICIT_RETAIN_SELF = YES;
				CLANG_WARN_OBJC_LITERAL_CONVERSION = YES;
				CLANG_WARN_OBJC_ROOT_CLASS = YES_ERROR;
				CLANG_WARN_QUOTED_INCLUDE_IN_FRAMEWORK_HEADER = YES;
				CLANG_WARN_RANGE_LOOP_ANALYSIS = YES;
				CLANG_WARN_STRICT_PROTOTYPES = YES;
				CLANG_WARN_SUSPICIOUS_MOVE = YES;
				CLANG_WARN_UNGUARDED_AVAILABILITY = YES_AGGRESSIVE;
				CLANG_WARN_UNREACHABLE_CODE = YES;
				CLANG_WARN__DUPLICATE_METHOD_MATCH = YES;
				COPY_PHASE_STRIP = NO;
				DEBUG_INFORMATION_FORMAT = dwarf;
				ENABLE_STRICT_OBJC_MSGSEND = YES;
				ENABLE_TESTABILITY = YES;
				ENABLE_USER_SCRIPT_SANDBOXING = YES;
				GCC_C_LANGUAGE_STANDARD = gnu17;
				GCC_DYNAMIC_NO_PIC = NO;
				GCC_NO_COMMON_BLOCKS = YES;
				GCC_OPTIMIZATION_LEVEL = 0;
				GCC_PREPROCESSOR_DEFINITIONS = (
					"DEBUG=1",
					"$(inherited)",
				);
				GCC_WARN_64_TO_32_BIT_CONVERSION = YES;
				GCC_WARN_ABOUT_RETURN_TYPE = YES_ERROR;
				GCC_WARN_UNDECLARED_SELECTOR = YES;
				GCC_WARN_UNINITIALIZED_AUTOS = YES_AGGRESSIVE;
				GCC_WARN_UNUSED_FUNCTION = YES;
				GCC_WARN_UNUSED_VARIABLE = YES;
				IPHONEOS_DEPLOYMENT_TARGET = 18.0;
				LOCALIZATION_PREFERS_STRING_CATALOGS = YES;
				MTL_ENABLE_DEBUG_INFO = INCLUDE_SOURCE;
				MTL_FAST_MATH = YES;
				ONLY_ACTIVE_ARCH = YES;
				SDKROOT = iphoneos;
				SWIFT_ACTIVE_COMPILATION_CONDITIONS = "DEBUG $(inherited)";
				SWIFT_OPTIMIZATION_LEVEL = "-Onone";
			};
			name = Debug;
		};
		9402BD282D558ABC00F2C00B /* Release */ = {
			isa = XCBuildConfiguration;
			buildSettings = {
				ALWAYS_SEARCH_USER_PATHS = NO;
				ASSETCATALOG_COMPILER_GENERATE_SWIFT_ASSET_SYMBOL_EXTENSIONS = YES;
				CLANG_ANALYZER_NONNULL = YES;
				CLANG_ANALYZER_NUMBER_OBJECT_CONVERSION = YES_AGGRESSIVE;
				CLANG_CXX_LANGUAGE_STANDARD = "gnu++20";
				CLANG_ENABLE_MODULES = YES;
				CLANG_ENABLE_OBJC_ARC = YES;
				CLANG_ENABLE_OBJC_WEAK = YES;
				CLANG_WARN_BLOCK_CAPTURE_AUTORELEASING = YES;
				CLANG_WARN_BOOL_CONVERSION = YES;
				CLANG_WARN_COMMA = YES;
				CLANG_WARN_CONSTANT_CONVERSION = YES;
				CLANG_WARN_DEPRECATED_OBJC_IMPLEMENTATIONS = YES;
				CLANG_WARN_DIRECT_OBJC_ISA_USAGE = YES_ERROR;
				CLANG_WARN_DOCUMENTATION_COMMENTS = YES;
				CLANG_WARN_EMPTY_BODY = YES;
				CLANG_WARN_ENUM_CONVERSION = YES;
				CLANG_WARN_INFINITE_RECURSION = YES;
				CLANG_WARN_INT_CONVERSION = YES;
				CLANG_WARN_NON_LITERAL_NULL_CONVERSION = YES;
				CLANG_WARN_OBJC_IMPLICIT_RETAIN_SELF = YES;
				CLANG_WARN_OBJC_LITERAL_CONVERSION = YES;
				CLANG_WARN_OBJC_ROOT_CLASS = YES_ERROR;
				CLANG_WARN_QUOTED_INCLUDE_IN_FRAMEWORK_HEADER = YES;
				CLANG_WARN_RANGE_LOOP_ANALYSIS = YES;
				CLANG_WARN_STRICT_PROTOTYPES = YES;
				CLANG_WARN_SUSPICIOUS_MOVE = YES;
				CLANG_WARN_UNGUARDED_AVAILABILITY = YES_AGGRESSIVE;
				CLANG_WARN_UNREACHABLE_CODE = YES;
				CLANG_WARN__DUPLICATE_METHOD_MATCH = YES;
				COPY_PHASE_STRIP = NO;
				DEBUG_INFORMATION_FORMAT = "dwarf-with-dsym";
				ENABLE_NS_ASSERTIONS = NO;
				ENABLE_STRICT_OBJC_MSGSEND = YES;
				ENABLE_USER_SCRIPT_SANDBOXING = YES;
				GCC_C_LANGUAGE_STANDARD = gnu17;
				GCC_NO_COMMON_BLOCKS = YES;
				GCC_WARN_64_TO_32_BIT_CONVERSION = YES;
				GCC_WARN_ABOUT_RETURN_TYPE = YES_ERROR;
				GCC_WARN_UNDECLARED_SELECTOR = YES;
				GCC_WARN_UNINITIALIZED_AUTOS = YES_AGGRESSIVE;
				GCC_WARN_UNUSED_FUNCTION = YES;
				GCC_WARN_UNUSED_VARIABLE = YES;
				IPHONEOS_DEPLOYMENT_TARGET = 18.0;
				LOCALIZATION_PREFERS_STRING_CATALOGS = YES;
				MTL_ENABLE_DEBUG_INFO = NO;
				MTL_FAST_MATH = YES;
				SDKROOT = iphoneos;
				SWIFT_COMPILATION_MODE = wholemodule;
				VALIDATE_PRODUCT = YES;
			};
			name = Release;
		};
		9402BD2A2D558ABC00F2C00B /* Debug */ = {
			isa = XCBuildConfiguration;
			buildSettings = {
				ASSETCATALOG_COMPILER_APPICON_NAME = AppIcon;
				ASSETCATALOG_COMPILER_GLOBAL_ACCENT_COLOR_NAME = AccentColor;
				CODE_SIGN_STYLE = Automatic;
				CURRENT_PROJECT_VERSION = 1;
				DEVELOPMENT_ASSET_PATHS = "\"StudyBuddy/Preview Content\"";
				DEVELOPMENT_TEAM = 6JXR4QA97N;
				ENABLE_PREVIEWS = YES;
				GENERATE_INFOPLIST_FILE = YES;
				INFOPLIST_KEY_CFBundleDisplayName = StudyBuddy;
				INFOPLIST_KEY_UIApplicationSceneManifest_Generation = YES;
				INFOPLIST_KEY_UIApplicationSupportsIndirectInputEvents = YES;
				INFOPLIST_KEY_UILaunchScreen_Generation = YES;
				INFOPLIST_KEY_UISupportedInterfaceOrientations_iPad = "UIInterfaceOrientationPortrait UIInterfaceOrientationPortraitUpsideDown UIInterfaceOrientationLandscapeLeft UIInterfaceOrientationLandscapeRight";
				INFOPLIST_KEY_UISupportedInterfaceOrientations_iPhone = "UIInterfaceOrientationPortrait UIInterfaceOrientationLandscapeLeft UIInterfaceOrientationLandscapeRight";
				LD_RUNPATH_SEARCH_PATHS = (
					"$(inherited)",
					"@executable_path/Frameworks",
				);
				MARKETING_VERSION = 1.0;
				PRODUCT_BUNDLE_IDENTIFIER = iosclub.StudyBuddy;
				PRODUCT_NAME = "$(TARGET_NAME)";
				SWIFT_EMIT_LOC_STRINGS = YES;
				SWIFT_VERSION = 5.0;
				TARGETED_DEVICE_FAMILY = "1,2";
			};
			name = Debug;
		};
		9402BD2B2D558ABC00F2C00B /* Release */ = {
			isa = XCBuildConfiguration;
			buildSettings = {
				ASSETCATALOG_COMPILER_APPICON_NAME = AppIcon;
				ASSETCATALOG_COMPILER_GLOBAL_ACCENT_COLOR_NAME = AccentColor;
				CODE_SIGN_STYLE = Automatic;
				CURRENT_PROJECT_VERSION = 1;
				DEVELOPMENT_ASSET_PATHS = "\"StudyBuddy/Preview Content\"";
				DEVELOPMENT_TEAM = 6JXR4QA97N;
				ENABLE_PREVIEWS = YES;
				GENERATE_INFOPLIST_FILE = YES;
				INFOPLIST_KEY_CFBundleDisplayName = StudyBuddy;
				INFOPLIST_KEY_UIApplicationSceneManifest_Generation = YES;
				INFOPLIST_KEY_UIApplicationSupportsIndirectInputEvents = YES;
				INFOPLIST_KEY_UILaunchScreen_Generation = YES;
				INFOPLIST_KEY_UISupportedInterfaceOrientations_iPad = "UIInterfaceOrientationPortrait UIInterfaceOrientationPortraitUpsideDown UIInterfaceOrientationLandscapeLeft UIInterfaceOrientationLandscapeRight";
				INFOPLIST_KEY_UISupportedInterfaceOrientations_iPhone = "UIInterfaceOrientationPortrait UIInterfaceOrientationLandscapeLeft UIInterfaceOrientationLandscapeRight";
				LD_RUNPATH_SEARCH_PATHS = (
					"$(inherited)",
					"@executable_path/Frameworks",
				);
				MARKETING_VERSION = 1.0;
				PRODUCT_BUNDLE_IDENTIFIER = iosclub.StudyBuddy;
				PRODUCT_NAME = "$(TARGET_NAME)";
				SWIFT_EMIT_LOC_STRINGS = YES;
				SWIFT_VERSION = 5.0;
				TARGETED_DEVICE_FAMILY = "1,2";
			};
			name = Release;
		};
/* End XCBuildConfiguration section */

/* Begin XCConfigurationList section */
		9402BD162D558ABA00F2C00B /* Build configuration list for PBXProject "StudyBuddy" */ = {
			isa = XCConfigurationList;
			buildConfigurations = (
				9402BD272D558ABC00F2C00B /* Debug */,
				9402BD282D558ABC00F2C00B /* Release */,
			);
			defaultConfigurationIsVisible = 0;
			defaultConfigurationName = Release;
		};
		9402BD292D558ABC00F2C00B /* Build configuration list for PBXNativeTarget "StudyBuddy" */ = {
			isa = XCConfigurationList;
			buildConfigurations = (
				9402BD2A2D558ABC00F2C00B /* Debug */,
				9402BD2B2D558ABC00F2C00B /* Release */,
			);
			defaultConfigurationIsVisible = 0;
			defaultConfigurationName = Release;
		};
/* End XCConfigurationList section */

/* Begin XCRemoteSwiftPackageReference section */
		963B88902D77A1FF001DAE15 /* XCRemoteSwiftPackageReference "firebase-ios-sdk" */ = {
			isa = XCRemoteSwiftPackageReference;
			repositoryURL = "https://github.com/firebase/firebase-ios-sdk.git";
			requirement = {
				kind = upToNextMajorVersion;
				minimumVersion = 11.9.0;
			};
		};
		CA0CE2C82D5C290100DD8FD2 /* XCRemoteSwiftPackageReference "SwiftLintPlugins" */ = {
			isa = XCRemoteSwiftPackageReference;
			repositoryURL = "https://github.com/SimplyDanny/SwiftLintPlugins";
			requirement = {
				kind = upToNextMajorVersion;
				minimumVersion = 0.58.2;
			};
		};
		CABC81A82D764E9D002D5657 /* XCRemoteSwiftPackageReference "mlx-swift-examples" */ = {
			isa = XCRemoteSwiftPackageReference;
			repositoryURL = "https://github.com/ml-explore/mlx-swift-examples/";
			requirement = {
				kind = upToNextMajorVersion;
				minimumVersion = 2.21.2;
			};
		};
/* End XCRemoteSwiftPackageReference section */

/* Begin XCSwiftPackageProductDependency section */
		963B88912D77A1FF001DAE15 /* FirebaseFirestore */ = {
			isa = XCSwiftPackageProductDependency;
			package = 963B88902D77A1FF001DAE15 /* XCRemoteSwiftPackageReference "firebase-ios-sdk" */;
			productName = FirebaseFirestore;
		};
		963B88932D77A1FF001DAE15 /* FirebaseStorage */ = {
			isa = XCSwiftPackageProductDependency;
			package = 963B88902D77A1FF001DAE15 /* XCRemoteSwiftPackageReference "firebase-ios-sdk" */;
			productName = FirebaseStorage;
		};
		CABC819E2D6BF567002D5657 /* SwiftLintBuildToolPlugin */ = {
			isa = XCSwiftPackageProductDependency;
			package = CA0CE2C82D5C290100DD8FD2 /* XCRemoteSwiftPackageReference "SwiftLintPlugins" */;
			productName = "plugin:SwiftLintBuildToolPlugin";
		};
		CABC81A92D764E9D002D5657 /* MLXLLM */ = {
			isa = XCSwiftPackageProductDependency;
			package = CABC81A82D764E9D002D5657 /* XCRemoteSwiftPackageReference "mlx-swift-examples" */;
			productName = MLXLLM;
		};
		CABC81AB2D764E9D002D5657 /* MLXLMCommon */ = {
			isa = XCSwiftPackageProductDependency;
			package = CABC81A82D764E9D002D5657 /* XCRemoteSwiftPackageReference "mlx-swift-examples" */;
			productName = MLXLMCommon;
		};
		EA25407D2D77CE8F00BDD841 /* FirebaseCore */ = {
			isa = XCSwiftPackageProductDependency;
			package = 963B88902D77A1FF001DAE15 /* XCRemoteSwiftPackageReference "firebase-ios-sdk" */;
			productName = FirebaseCore;
		};
/* End XCSwiftPackageProductDependency section */
	};
	rootObject = 9402BD132D558ABA00F2C00B /* Project object */;
}
